
Microsoft Visual Studio Solution File, Format Version 12.00
# Visual Studio 14
VisualStudioVersion = 14.0.24720.0
MinimumVisualStudioVersion = 10.0.40219.1
Project("{FAE04EC0-301F-11D3-BF4B-00C04F79EFBC}") = "Orbits", "Orbits\Orbits.csproj", "{E263BB1C-2EE3-49CF-828A-6089BB14AFD9}"
EndProject
Global
	GlobalSection(SolutionConfigurationPlatforms) = preSolution
		Debug|x86 = Debug|x86
		Release|x86 = Release|x86
	EndGlobalSection
	GlobalSection(ProjectConfigurationPlatforms) = postSolution
		{E263BB1C-2EE3-49CF-828A-6089BB14AFD9}.Debug|x86.ActiveCfg = Debug|x86
		{E263BB1C-2EE3-49CF-828A-6089BB14AFD9}.Debug|x86.Build.0 = Debug|x86
		{E263BB1C-2EE3-49CF-828A-6089BB14AFD9}.Release|x86.ActiveCfg = Release|x86
		{E263BB1C-2EE3-49CF-828A-6089BB14AFD9}.Release|x86.Build.0 = Release|x86
	EndGlobalSection
	GlobalSection(SolutionProperties) = preSolution
		HideSolutionNode = FALSE
	EndGlobalSection
EndGlobal
